{
  "name": "pte-web",
  "version": "0.1.0",
  "lockfileVersion": 3,
  "requires": true,
  "packages": {
    "": {
      "name": "pte-web",
      "version": "0.1.0",
      "devDependencies": {
        "prettier": "^3",
        "turbo": "^2"
      }
    },
    "node_modules/.pnpm/@turbo+windows-64@2.9.18/node_modules/@turbo/windows-64": {
      "version": "2.9.18",
      "cpu": [
        "x64"
      ],
      "dev": true,
      "license": "MIT",
      "optional": true,
      "os": [
        "win32"
      ]
    },
    "node_modules/.pnpm/prettier@3.9.6/node_modules/prettier": {
      "version": "3.9.6",
      "dev": true,
      "license": "MIT",
      "bin": {
        "prettier": "bin/prettier.cjs"
      },
      "engines": {
        "node": ">=14"
      },
      "funding": {
        "url": "https://github.com/prettier/prettier?sponsor=1"
      }
    },
    "node_modules/.pnpm/turbo@2.9.18": {
      "dev": true,
      "optional": true,
      "peer": true
    },
    "node_modules/.pnpm/turbo@2.9.18/node_modules/@turbo/windows-64": {
      "resolved": "node_modules/.pnpm/@turbo+windows-64@2.9.18/node_modules/@turbo/windows-64",
      "link": true
    },
    "node_modules/.pnpm/turbo@2.9.18/node_modules/turbo": {
      "version": "2.9.18",
      "dev": true,
      "license": "MIT",
      "bin": {
        "turbo": "bin/turbo"
      },
      "optionalDependencies": {
        "@turbo/darwin-64": "2.9.18",
        "@turbo/darwin-arm64": "2.9.18",
        "@turbo/linux-64": "2.9.18",
        "@turbo/linux-arm64": "2.9.18",
        "@turbo/windows-64": "2.9.18",
        "@turbo/windows-arm64": "2.9.18"
      }
    },
    "node_modules/@turbo/darwin-64": {
      "version": "2.9.18",
      "resolved": "https://registry.npmjs.org/@turbo/darwin-64/-/darwin-64-2.9.18.tgz",
      "integrity": "sha512-9f27peFu16ur8c0v9nUFUEyBnbKuuFsUTjHFWfmwGfzySBXbHwzU44QhZon6Mznz0cHsIr3984NQj/bVrnGSRw==",
      "cpu": [
        "x64"
      ],
      "dev": true,
      "license": "MIT",
      "optional": true,
      "os": [
        "darwin"
      ]
    },
    "node_modules/@turbo/darwin-arm64": {
      "version": "2.9.18",
      "resolved": "https://registry.npmjs.org/@turbo/darwin-arm64/-/darwin-arm64-2.9.18.tgz",
      "integrity": "sha512-9A6TMRq/Ib+QnbhLlgkhOm+624wO4pzSQ/yQviQfWHOlFvaYxdnIAYmu2H6TS6y7kSVL0DvzNe04NbESTOzFVQ==",
      "cpu": [
        "arm64"
      ],
      "dev": true,
      "license": "MIT",
      "optional": true,
      "os": [
        "darwin"
      ]
    },
    "node_modules/@turbo/linux-64": {
      "version": "2.9.18",
      "resolved": "https://registry.npmjs.org/@turbo/linux-64/-/linux-64-2.9.18.tgz",
      "integrity": "sha512-zCdIDtz69AnbYh913elJRRoF3QY5aa2HNnf+4rAkc7bQ+tWujiDkCNV7stazOUPggaDvhKIf2Z87qHftTeXSkw==",
      "cpu": [
        "x64"
      ],
      "dev": true,
      "license": "MIT",
      "optional": true,
      "os": [
        "linux"
      ]
    },
    "node_modules/@turbo/linux-arm64": {
      "version": "2.9.18",
      "resolved": "https://registry.npmjs.org/@turbo/linux-arm64/-/linux-arm64-2.9.18.tgz",
      "integrity": "sha512-Va1kXI04naMgYwqv/5Dfa36dTDx8015U7oaQAjrXa45ua9OoFjSV4OmvkML4EmXvUclQHCiBRbY8bvd0jV7eAg==",
      "cpu": [
        "arm64"
      ],
      "dev": true,
      "license": "MIT",
      "optional": true,
      "os": [
        "linux"
      ]
    },
    "node_modules/@turbo/windows-arm64": {
      "version": "2.9.18",
      "resolved": "https://registry.npmjs.org/@turbo/windows-arm64/-/windows-arm64-2.9.18.tgz",
      "integrity": "sha512-nUdR8WqoomUys9iIQmG45TMiizJ+5BV8egSeLLZba/AWblyp3fVBcIH1kSE58OtK4g2YzbMJEth6Ttv9w5rqMA==",
      "cpu": [
        "arm64"
      ],
      "dev": true,
      "license": "MIT",
      "optional": true,
      "os": [
        "win32"
      ]
    },
    "node_modules/prettier": {
      "resolved": "node_modules/.pnpm/prettier@3.9.6/node_modules/prettier",
      "link": true
    },
    "node_modules/turbo": {
      "resolved": "node_modules/.pnpm/turbo@2.9.18/node_modules/turbo",
      "link": true
    }
  }
}
